<?xml version="1.0" encoding="utf-8"?>
<Project ToolsVersion="4.0" xmlns="http://schemas.microsoft.com/developer/msbuild/2003">
  <ItemGroup>
    <ClCompile Include="..\..\src\Sample6.cpp" />
    <ClCompile Include="..\..\src\LensflareNode.cpp">
      <Filter>Lensflare</Filter>
    </ClCompile>
  </ItemGroup>
  <ItemGroup>
    <ClInclude Include="..\..\src\Sample6.h" />
    <ClInclude Include="..\..\src\LensflareNode.h">
      <Filter>Lensflare</Filter>
    </ClInclude>
  </ItemGroup>
  <ItemGroup>
    <Filter Include="Lensflare">
      <UniqueIdentifier>{90f1a72a-f182-430f-9b41-36aa81bd837f}</UniqueIdentifier>
    </Filter>
  </ItemGroup>
</Project>