
Microsoft Visual Studio Solution File, Format Version 9.00
# Visual Studio 2005
Project("{8BC9CEB8-8B4A-11D0-8D11-00A0C91BC942}") = "Wire", "..\..\Wire\builds\v80\Wire.vcproj", "{B0895837-1F40-4F57-8F36-1DF861114254}"
EndProject
Project("{8BC9CEB8-8B4A-11D0-8D11-00A0C91BC942}") = "Sample1 - Basic Rendering", "..\..\Samples\Sample1\builds\v80\Sample1.vcproj", "{5EF9DCF2-9CD2-4EC6-9E7D-422AC18BE27E}"
	ProjectSection(ProjectDependencies) = postProject
		{B0895837-1F40-4F57-8F36-1DF861114254} = {B0895837-1F40-4F57-8F36-1DF861114254}
	EndProjectSection
EndProject
Project("{8BC9CEB8-8B4A-11D0-8D11-00A0C91BC942}") = "Sample2 - Scene Graph", "..\..\Samples\Sample2\builds\v80\Sample2.vcproj", "{FCAB5275-8361-4579-9FE8-63BD5F3B854E}"
	ProjectSection(ProjectDependencies) = postProject
		{B0895837-1F40-4F57-8F36-1DF861114254} = {B0895837-1F40-4F57-8F36-1DF861114254}
	EndProjectSection
EndProject
Project("{8BC9CEB8-8B4A-11D0-8D11-00A0C91BC942}") = "Sample3 - Level of Detail", "..\..\Samples\Sample3\builds\v80\Sample3.vcproj", "{7FC321A4-570F-41A8-A845-F5A0FE9B5D94}"
	ProjectSection(ProjectDependencies) = postProject
		{B0895837-1F40-4F57-8F36-1DF861114254} = {B0895837-1F40-4F57-8F36-1DF861114254}
	EndProjectSection
EndProject
Project("{8BC9CEB8-8B4A-11D0-8D11-00A0C91BC942}") = "Sample4 - Multitexturing", "..\..\Samples\Sample4\builds\v80\Sample4.vcproj", "{E67596B8-DC4A-4A26-B5C7-18DD3A5CE67D}"
	ProjectSection(ProjectDependencies) = postProject
		{B0895837-1F40-4F57-8F36-1DF861114254} = {B0895837-1F40-4F57-8F36-1DF861114254}
	EndProjectSection
EndProject
Project("{8BC9CEB8-8B4A-11D0-8D11-00A0C91BC942}") = "Sample5 - Lighting", "..\..\Samples\Sample5\builds\v80\Sample5.vcproj", "{E960AE2F-C29B-452D-A24E-9178843D7E30}"
	ProjectSection(ProjectDependencies) = postProject
		{B0895837-1F40-4F57-8F36-1DF861114254} = {B0895837-1F40-4F57-8F36-1DF861114254}
	EndProjectSection
EndProject
Project("{8BC9CEB8-8B4A-11D0-8D11-00A0C91BC942}") = "Sample6 - Custom Nodes", "..\..\Samples\Sample6\builds\v80\Sample6.vcproj", "{B7E9591C-70B0-425C-B0A9-A7600E412B8B}"
	ProjectSection(ProjectDependencies) = postProject
		{B0895837-1F40-4F57-8F36-1DF861114254} = {B0895837-1F40-4F57-8F36-1DF861114254}
	EndProjectSection
EndProject
Project("{8BC9CEB8-8B4A-11D0-8D11-00A0C91BC942}") = "Sample7 - Dynamic Buffers", "..\..\Samples\Sample7\builds\v80\Sample7.vcproj", "{91F1F7BC-0641-4FE9-AB07-27203A37FA07}"
	ProjectSection(ProjectDependencies) = postProject
		{B0895837-1F40-4F57-8F36-1DF861114254} = {B0895837-1F40-4F57-8F36-1DF861114254}
	EndProjectSection
EndProject
Project("{8BC9CEB8-8B4A-11D0-8D11-00A0C91BC942}") = "Sample0 - User Application", "..\..\Samples\Sample0\builds\v80\Sample0.vcproj", "{844C2C75-1547-4B74-9807-1497D32F7CF2}"
	ProjectSection(ProjectDependencies) = postProject
		{B0895837-1F40-4F57-8F36-1DF861114254} = {B0895837-1F40-4F57-8F36-1DF861114254}
	EndProjectSection
EndProject
Project("{8BC9CEB8-8B4A-11D0-8D11-00A0C91BC942}") = "Sample8 - Bullet Physics Integration", "..\..\Samples\Sample8\builds\v80\Sample8.vcproj", "{E69FDDF0-8094-4FF0-ABA4-39732FBE5C5A}"
	ProjectSection(ProjectDependencies) = postProject
		{B0895837-1F40-4F57-8F36-1DF861114254} = {B0895837-1F40-4F57-8F36-1DF861114254}
		{3D373D59-7DAC-42EA-A161-05BEAE169BE1} = {3D373D59-7DAC-42EA-A161-05BEAE169BE1}
		{BB1EC392-AC70-4F04-9108-7FDDC54E31D4} = {BB1EC392-AC70-4F04-9108-7FDDC54E31D4}
		{60CF2BBA-43E1-4D88-A5E1-4F935D41207D} = {60CF2BBA-43E1-4D88-A5E1-4F935D41207D}
		{01410FDF-213A-403A-8012-92185FAC02E3} = {01410FDF-213A-403A-8012-92185FAC02E3}
	EndProjectSection
EndProject
Project("{8BC9CEB8-8B4A-11D0-8D11-00A0C91BC942}") = "Sample9 - Custom Main", "..\..\Samples\Sample9_WIN32\builds\v80\Sample9.vcproj", "{96A783F2-75CD-4733-8F4E-803D3C744560}"
	ProjectSection(ProjectDependencies) = postProject
		{B0895837-1F40-4F57-8F36-1DF861114254} = {B0895837-1F40-4F57-8F36-1DF861114254}
	EndProjectSection
EndProject
Project("{8BC9CEB8-8B4A-11D0-8D11-00A0C91BC942}") = "Sample10 - Material Sorting", "..\..\Samples\Sample10\builds\v80\Sample10.vcproj", "{D46B0F8C-BE11-4926-AE49-92B38846E3A7}"
	ProjectSection(ProjectDependencies) = postProject
		{B0895837-1F40-4F57-8F36-1DF861114254} = {B0895837-1F40-4F57-8F36-1DF861114254}
	EndProjectSection
EndProject
Project("{8BC9CEB8-8B4A-11D0-8D11-00A0C91BC942}") = "Demo", "..\..\Samples\Demo\builds\v80\Demo.vcproj", "{CC0521C8-3EC5-444B-B070-560E256479D1}"
	ProjectSection(ProjectDependencies) = postProject
		{7CCCBC28-0B6B-461A-AE5A-D3991E735862} = {7CCCBC28-0B6B-461A-AE5A-D3991E735862}
		{B0895837-1F40-4F57-8F36-1DF861114254} = {B0895837-1F40-4F57-8F36-1DF861114254}
	EndProjectSection
EndProject
Project("{2150E333-8FDC-42A3-9474-1A3956D46DE8}") = "Tools", "Tools", "{31E4996F-4D96-442E-BC45-80193CB99213}"
EndProject
Project("{8BC9CEB8-8B4A-11D0-8D11-00A0C91BC942}") = "Importer", "..\..\Tools\Importer\builds\v80\Importer.vcproj", "{7CCCBC28-0B6B-461A-AE5A-D3991E735862}"
	ProjectSection(ProjectDependencies) = postProject
		{B0895837-1F40-4F57-8F36-1DF861114254} = {B0895837-1F40-4F57-8F36-1DF861114254}
		{3D373D59-7DAC-42EA-A161-05BEAE169BE1} = {3D373D59-7DAC-42EA-A161-05BEAE169BE1}
		{BB1EC392-AC70-4F04-9108-7FDDC54E31D4} = {BB1EC392-AC70-4F04-9108-7FDDC54E31D4}
		{78B079BD-9FC7-4B9E-B4A6-96DA0F00248B} = {78B079BD-9FC7-4B9E-B4A6-96DA0F00248B}
		{01410FDF-213A-403A-8012-92185FAC02E3} = {01410FDF-213A-403A-8012-92185FAC02E3}
		{60CF2BBA-43E1-4D88-A5E1-4F935D41207D} = {60CF2BBA-43E1-4D88-A5E1-4F935D41207D}
	EndProjectSection
EndProject
Project("{2150E333-8FDC-42A3-9474-1A3956D46DE8}") = "bullet-2.77", "bullet-2.77", "{89E19C1A-AFD3-46FB-9F6A-D469E1CD9815}"
	ProjectSection(SolutionItems) = preProject
		..\..\Tools\bullet-2.77\src\btBulletCollisionCommon.h = ..\..\Tools\bullet-2.77\src\btBulletCollisionCommon.h
		..\..\Tools\bullet-2.77\src\btBulletDynamicsCommon.h = ..\..\Tools\bullet-2.77\src\btBulletDynamicsCommon.h
		..\..\Tools\bullet-2.77\src\Bullet-C-Api.h = ..\..\Tools\bullet-2.77\src\Bullet-C-Api.h
	EndProjectSection
EndProject
Project("{8BC9CEB8-8B4A-11D0-8D11-00A0C91BC942}") = "LinearMath", "..\..\Tools\bullet-2.77\msvc2005\LinearMath\LinearMath.vcproj", "{01410FDF-213A-403A-8012-92185FAC02E3}"
EndProject
Project("{8BC9CEB8-8B4A-11D0-8D11-00A0C91BC942}") = "BulletCollision", "..\..\Tools\bullet-2.77\msvc2005\BulletCollision\BulletCollision.vcproj", "{3D373D59-7DAC-42EA-A161-05BEAE169BE1}"
EndProject
Project("{8BC9CEB8-8B4A-11D0-8D11-00A0C91BC942}") = "BulletDynamics", "..\..\Tools\bullet-2.77\msvc2005\BulletDynamics\BulletDynamics.vcproj", "{BB1EC392-AC70-4F04-9108-7FDDC54E31D4}"
EndProject
Project("{8BC9CEB8-8B4A-11D0-8D11-00A0C91BC942}") = "BulletSoftBody", "..\..\Tools\bullet-2.77\msvc2005\BulletSoftBody\BulletSoftBody.vcproj", "{60CF2BBA-43E1-4D88-A5E1-4F935D41207D}"
EndProject
Project("{8BC9CEB8-8B4A-11D0-8D11-00A0C91BC942}") = "freetype", "..\..\Tools\freetype\builds\win32\vc2005\freetype.vcproj", "{78B079BD-9FC7-4B9E-B4A6-96DA0F00248B}"
EndProject
Project("{8BC9CEB8-8B4A-11D0-8D11-00A0C91BC942}") = "Sample11 - Input", "..\..\Samples\Sample11\builds\v80\Sample11.vcproj", "{8E77FA46-85C0-4773-B1AC-1B0C5C8F7597}"
	ProjectSection(ProjectDependencies) = postProject
		{B0895837-1F40-4F57-8F36-1DF861114254} = {B0895837-1F40-4F57-8F36-1DF861114254}
		{7CCCBC28-0B6B-461A-AE5A-D3991E735862} = {7CCCBC28-0B6B-461A-AE5A-D3991E735862}
	EndProjectSection
EndProject
Project("{8BC9CEB8-8B4A-11D0-8D11-00A0C91BC942}") = "Game", "..\..\Samples\Game\builds\v80\Game.vcproj", "{769C3D4D-4630-4E1A-B3DE-7E1978F18018}"
	ProjectSection(ProjectDependencies) = postProject
		{7CCCBC28-0B6B-461A-AE5A-D3991E735862} = {7CCCBC28-0B6B-461A-AE5A-D3991E735862}
		{B0895837-1F40-4F57-8F36-1DF861114254} = {B0895837-1F40-4F57-8F36-1DF861114254}
	EndProjectSection
EndProject
Global
	GlobalSection(SolutionConfigurationPlatforms) = preSolution
		Debug|Win32 = Debug|Win32
		Release|Win32 = Release|Win32
	EndGlobalSection
	GlobalSection(ProjectConfigurationPlatforms) = postSolution
		{B0895837-1F40-4F57-8F36-1DF861114254}.Debug|Win32.ActiveCfg = Debug|Win32
		{B0895837-1F40-4F57-8F36-1DF861114254}.Debug|Win32.Build.0 = Debug|Win32
		{B0895837-1F40-4F57-8F36-1DF861114254}.Release|Win32.ActiveCfg = Release|Win32
		{B0895837-1F40-4F57-8F36-1DF861114254}.Release|Win32.Build.0 = Release|Win32
		{5EF9DCF2-9CD2-4EC6-9E7D-422AC18BE27E}.Debug|Win32.ActiveCfg = Debug|Win32
		{5EF9DCF2-9CD2-4EC6-9E7D-422AC18BE27E}.Debug|Win32.Build.0 = Debug|Win32
		{5EF9DCF2-9CD2-4EC6-9E7D-422AC18BE27E}.Release|Win32.ActiveCfg = Release|Win32
		{5EF9DCF2-9CD2-4EC6-9E7D-422AC18BE27E}.Release|Win32.Build.0 = Release|Win32
		{FCAB5275-8361-4579-9FE8-63BD5F3B854E}.Debug|Win32.ActiveCfg = Debug|Win32
		{FCAB5275-8361-4579-9FE8-63BD5F3B854E}.Debug|Win32.Build.0 = Debug|Win32
		{FCAB5275-8361-4579-9FE8-63BD5F3B854E}.Release|Win32.ActiveCfg = Release|Win32
		{FCAB5275-8361-4579-9FE8-63BD5F3B854E}.Release|Win32.Build.0 = Release|Win32
		{7FC321A4-570F-41A8-A845-F5A0FE9B5D94}.Debug|Win32.ActiveCfg = Debug|Win32
		{7FC321A4-570F-41A8-A845-F5A0FE9B5D94}.Debug|Win32.Build.0 = Debug|Win32
		{7FC321A4-570F-41A8-A845-F5A0FE9B5D94}.Release|Win32.ActiveCfg = Release|Win32
		{7FC321A4-570F-41A8-A845-F5A0FE9B5D94}.Release|Win32.Build.0 = Release|Win32
		{E67596B8-DC4A-4A26-B5C7-18DD3A5CE67D}.Debug|Win32.ActiveCfg = Debug|Win32
		{E67596B8-DC4A-4A26-B5C7-18DD3A5CE67D}.Debug|Win32.Build.0 = Debug|Win32
		{E67596B8-DC4A-4A26-B5C7-18DD3A5CE67D}.Release|Win32.ActiveCfg = Release|Win32
		{E67596B8-DC4A-4A26-B5C7-18DD3A5CE67D}.Release|Win32.Build.0 = Release|Win32
		{E960AE2F-C29B-452D-A24E-9178843D7E30}.Debug|Win32.ActiveCfg = Debug|Win32
		{E960AE2F-C29B-452D-A24E-9178843D7E30}.Debug|Win32.Build.0 = Debug|Win32
		{E960AE2F-C29B-452D-A24E-9178843D7E30}.Release|Win32.ActiveCfg = Release|Win32
		{E960AE2F-C29B-452D-A24E-9178843D7E30}.Release|Win32.Build.0 = Release|Win32
		{B7E9591C-70B0-425C-B0A9-A7600E412B8B}.Debug|Win32.ActiveCfg = Debug|Win32
		{B7E9591C-70B0-425C-B0A9-A7600E412B8B}.Debug|Win32.Build.0 = Debug|Win32
		{B7E9591C-70B0-425C-B0A9-A7600E412B8B}.Release|Win32.ActiveCfg = Release|Win32
		{B7E9591C-70B0-425C-B0A9-A7600E412B8B}.Release|Win32.Build.0 = Release|Win32
		{91F1F7BC-0641-4FE9-AB07-27203A37FA07}.Debug|Win32.ActiveCfg = Debug|Win32
		{91F1F7BC-0641-4FE9-AB07-27203A37FA07}.Debug|Win32.Build.0 = Debug|Win32
		{91F1F7BC-0641-4FE9-AB07-27203A37FA07}.Release|Win32.ActiveCfg = Release|Win32
		{91F1F7BC-0641-4FE9-AB07-27203A37FA07}.Release|Win32.Build.0 = Release|Win32
		{844C2C75-1547-4B74-9807-1497D32F7CF2}.Debug|Win32.ActiveCfg = Debug|Win32
		{844C2C75-1547-4B74-9807-1497D32F7CF2}.Debug|Win32.Build.0 = Debug|Win32
		{844C2C75-1547-4B74-9807-1497D32F7CF2}.Release|Win32.ActiveCfg = Release|Win32
		{844C2C75-1547-4B74-9807-1497D32F7CF2}.Release|Win32.Build.0 = Release|Win32
		{E69FDDF0-8094-4FF0-ABA4-39732FBE5C5A}.Debug|Win32.ActiveCfg = Debug|Win32
		{E69FDDF0-8094-4FF0-ABA4-39732FBE5C5A}.Debug|Win32.Build.0 = Debug|Win32
		{E69FDDF0-8094-4FF0-ABA4-39732FBE5C5A}.Release|Win32.ActiveCfg = Release|Win32
		{E69FDDF0-8094-4FF0-ABA4-39732FBE5C5A}.Release|Win32.Build.0 = Release|Win32
		{96A783F2-75CD-4733-8F4E-803D3C744560}.Debug|Win32.ActiveCfg = Debug|Win32
		{96A783F2-75CD-4733-8F4E-803D3C744560}.Debug|Win32.Build.0 = Debug|Win32
		{96A783F2-75CD-4733-8F4E-803D3C744560}.Release|Win32.ActiveCfg = Release|Win32
		{96A783F2-75CD-4733-8F4E-803D3C744560}.Release|Win32.Build.0 = Release|Win32
		{D46B0F8C-BE11-4926-AE49-92B38846E3A7}.Debug|Win32.ActiveCfg = Debug|Win32
		{D46B0F8C-BE11-4926-AE49-92B38846E3A7}.Debug|Win32.Build.0 = Debug|Win32
		{D46B0F8C-BE11-4926-AE49-92B38846E3A7}.Release|Win32.ActiveCfg = Release|Win32
		{D46B0F8C-BE11-4926-AE49-92B38846E3A7}.Release|Win32.Build.0 = Release|Win32
		{CC0521C8-3EC5-444B-B070-560E256479D1}.Debug|Win32.ActiveCfg = Debug|Win32
		{CC0521C8-3EC5-444B-B070-560E256479D1}.Debug|Win32.Build.0 = Debug|Win32
		{CC0521C8-3EC5-444B-B070-560E256479D1}.Release|Win32.ActiveCfg = Release|Win32
		{CC0521C8-3EC5-444B-B070-560E256479D1}.Release|Win32.Build.0 = Release|Win32
		{7CCCBC28-0B6B-461A-AE5A-D3991E735862}.Debug|Win32.ActiveCfg = Debug|Win32
		{7CCCBC28-0B6B-461A-AE5A-D3991E735862}.Debug|Win32.Build.0 = Debug|Win32
		{7CCCBC28-0B6B-461A-AE5A-D3991E735862}.Release|Win32.ActiveCfg = Release|Win32
		{7CCCBC28-0B6B-461A-AE5A-D3991E735862}.Release|Win32.Build.0 = Release|Win32
		{01410FDF-213A-403A-8012-92185FAC02E3}.Debug|Win32.ActiveCfg = Debug|Win32
		{01410FDF-213A-403A-8012-92185FAC02E3}.Debug|Win32.Build.0 = Debug|Win32
		{01410FDF-213A-403A-8012-92185FAC02E3}.Release|Win32.ActiveCfg = Release|Win32
		{01410FDF-213A-403A-8012-92185FAC02E3}.Release|Win32.Build.0 = Release|Win32
		{3D373D59-7DAC-42EA-A161-05BEAE169BE1}.Debug|Win32.ActiveCfg = Debug|Win32
		{3D373D59-7DAC-42EA-A161-05BEAE169BE1}.Debug|Win32.Build.0 = Debug|Win32
		{3D373D59-7DAC-42EA-A161-05BEAE169BE1}.Release|Win32.ActiveCfg = Release|Win32
		{3D373D59-7DAC-42EA-A161-05BEAE169BE1}.Release|Win32.Build.0 = Release|Win32
		{BB1EC392-AC70-4F04-9108-7FDDC54E31D4}.Debug|Win32.ActiveCfg = Debug|Win32
		{BB1EC392-AC70-4F04-9108-7FDDC54E31D4}.Debug|Win32.Build.0 = Debug|Win32
		{BB1EC392-AC70-4F04-9108-7FDDC54E31D4}.Release|Win32.ActiveCfg = Release|Win32
		{BB1EC392-AC70-4F04-9108-7FDDC54E31D4}.Release|Win32.Build.0 = Release|Win32
		{60CF2BBA-43E1-4D88-A5E1-4F935D41207D}.Debug|Win32.ActiveCfg = Debug|Win32
		{60CF2BBA-43E1-4D88-A5E1-4F935D41207D}.Debug|Win32.Build.0 = Debug|Win32
		{60CF2BBA-43E1-4D88-A5E1-4F935D41207D}.Release|Win32.ActiveCfg = Release|Win32
		{60CF2BBA-43E1-4D88-A5E1-4F935D41207D}.Release|Win32.Build.0 = Release|Win32
		{78B079BD-9FC7-4B9E-B4A6-96DA0F00248B}.Debug|Win32.ActiveCfg = Debug|Win32
		{78B079BD-9FC7-4B9E-B4A6-96DA0F00248B}.Debug|Win32.Build.0 = Debug|Win32
		{78B079BD-9FC7-4B9E-B4A6-96DA0F00248B}.Release|Win32.ActiveCfg = Release|Win32
		{78B079BD-9FC7-4B9E-B4A6-96DA0F00248B}.Release|Win32.Build.0 = Release|Win32
		{8E77FA46-85C0-4773-B1AC-1B0C5C8F7597}.Debug|Win32.ActiveCfg = Debug|Win32
		{8E77FA46-85C0-4773-B1AC-1B0C5C8F7597}.Debug|Win32.Build.0 = Debug|Win32
		{8E77FA46-85C0-4773-B1AC-1B0C5C8F7597}.Release|Win32.ActiveCfg = Release|Win32
		{8E77FA46-85C0-4773-B1AC-1B0C5C8F7597}.Release|Win32.Build.0 = Release|Win32
		{769C3D4D-4630-4E1A-B3DE-7E1978F18018}.Debug|Win32.ActiveCfg = Debug|Win32
		{769C3D4D-4630-4E1A-B3DE-7E1978F18018}.Debug|Win32.Build.0 = Debug|Win32
		{769C3D4D-4630-4E1A-B3DE-7E1978F18018}.Release|Win32.ActiveCfg = Release|Win32
		{769C3D4D-4630-4E1A-B3DE-7E1978F18018}.Release|Win32.Build.0 = Release|Win32
	EndGlobalSection
	GlobalSection(SolutionProperties) = preSolution
		HideSolutionNode = FALSE
	EndGlobalSection
	GlobalSection(NestedProjects) = preSolution
		{7CCCBC28-0B6B-461A-AE5A-D3991E735862} = {31E4996F-4D96-442E-BC45-80193CB99213}
		{89E19C1A-AFD3-46FB-9F6A-D469E1CD9815} = {31E4996F-4D96-442E-BC45-80193CB99213}
		{78B079BD-9FC7-4B9E-B4A6-96DA0F00248B} = {31E4996F-4D96-442E-BC45-80193CB99213}
		{01410FDF-213A-403A-8012-92185FAC02E3} = {89E19C1A-AFD3-46FB-9F6A-D469E1CD9815}
		{3D373D59-7DAC-42EA-A161-05BEAE169BE1} = {89E19C1A-AFD3-46FB-9F6A-D469E1CD9815}
		{BB1EC392-AC70-4F04-9108-7FDDC54E31D4} = {89E19C1A-AFD3-46FB-9F6A-D469E1CD9815}
		{60CF2BBA-43E1-4D88-A5E1-4F935D41207D} = {89E19C1A-AFD3-46FB-9F6A-D469E1CD9815}
	EndGlobalSection
EndGlobal
